
Microsoft Visual Studio Solution File, Format Version 12.00
# Visual Studio 15
VisualStudioVersion = 15.0.28307.489
MinimumVisualStudioVersion = 10.0.40219.1
Project("{FAE04EC0-301F-11D3-BF4B-00C04F79EFBC}") = "EjemploMVVM", "EjemploMVVM.csproj", "{3AA3563E-A245-4F7E-A79F-5ADA2150127B}"
EndProject
Global
	GlobalSection(SolutionConfigurationPlatforms) = preSolution
		Debug|Any CPU = Debug|Any CPU
		Release|Any CPU = Release|Any CPU
	EndGlobalSection
	GlobalSection(ProjectConfigurationPlatforms) = postSolution
		{3AA3563E-A245-4F7E-A79F-5ADA2150127B}.Debug|Any CPU.ActiveCfg = Debug|Any CPU
		{3AA3563E-A245-4F7E-A79F-5ADA2150127B}.Debug|Any CPU.Build.0 = Debug|Any CPU
		{3AA3563E-A245-4F7E-A79F-5ADA2150127B}.Release|Any CPU.ActiveCfg = Release|Any CPU
		{3AA3563E-A245-4F7E-A79F-5ADA2150127B}.Release|Any CPU.Build.0 = Release|Any CPU
	EndGlobalSection
	GlobalSection(SolutionProperties) = preSolution
		HideSolutionNode = FALSE
	EndGlobalSection
	GlobalSection(ExtensibilityGlobals) = postSolution
		SolutionGuid = {8D129668-E44C-49AB-9BC8-7B32BF5E1CE3}
	EndGlobalSection
EndGlobal
